
Microsoft Visual Studio Solution File, Format Version 12.00
# Visual Studio 15
VisualStudioVersion = 15.0.26124.0
MinimumVisualStudioVersion = 15.0.26124.0
Project("{2150E333-8FDC-42A3-9474-1A3956D46DE8}") = "src", "src", "{CDA21E6D-6B48-4751-87A8-0627709EFAA2}"
EndProject
Project("{FAE04EC0-301F-11D3-BF4B-00C04F79EFBC}") = "SecuredJwtWebApi", "src\SecuredJwtWebApi\SecuredJwtWebApi.csproj", "{834C082C-0123-41E2-AE0E-38A6583FCF09}"
EndProject
Global
	GlobalSection(SolutionConfigurationPlatforms) = preSolution
		Debug|Any CPU = Debug|Any CPU
		Debug|x64 = Debug|x64
		Debug|x86 = Debug|x86
		Release|Any CPU = Release|Any CPU
		Release|x64 = Release|x64
		Release|x86 = Release|x86
	EndGlobalSection
	GlobalSection(SolutionProperties) = preSolution
		HideSolutionNode = FALSE
	EndGlobalSection
	GlobalSection(ProjectConfigurationPlatforms) = postSolution
		{834C082C-0123-41E2-AE0E-38A6583FCF09}.Debug|Any CPU.ActiveCfg = Debug|Any CPU
		{834C082C-0123-41E2-AE0E-38A6583FCF09}.Debug|Any CPU.Build.0 = Debug|Any CPU
		{834C082C-0123-41E2-AE0E-38A6583FCF09}.Debug|x64.ActiveCfg = Debug|Any CPU
		{834C082C-0123-41E2-AE0E-38A6583FCF09}.Debug|x64.Build.0 = Debug|Any CPU
		{834C082C-0123-41E2-AE0E-38A6583FCF09}.Debug|x86.ActiveCfg = Debug|Any CPU
		{834C082C-0123-41E2-AE0E-38A6583FCF09}.Debug|x86.Build.0 = Debug|Any CPU
		{834C082C-0123-41E2-AE0E-38A6583FCF09}.Release|Any CPU.ActiveCfg = Release|Any CPU
		{834C082C-0123-41E2-AE0E-38A6583FCF09}.Release|Any CPU.Build.0 = Release|Any CPU
		{834C082C-0123-41E2-AE0E-38A6583FCF09}.Release|x64.ActiveCfg = Release|Any CPU
		{834C082C-0123-41E2-AE0E-38A6583FCF09}.Release|x64.Build.0 = Release|Any CPU
		{834C082C-0123-41E2-AE0E-38A6583FCF09}.Release|x86.ActiveCfg = Release|Any CPU
		{834C082C-0123-41E2-AE0E-38A6583FCF09}.Release|x86.Build.0 = Release|Any CPU
	EndGlobalSection
	GlobalSection(NestedProjects) = preSolution
		{834C082C-0123-41E2-AE0E-38A6583FCF09} = {CDA21E6D-6B48-4751-87A8-0627709EFAA2}
	EndGlobalSection
EndGlobal
